
Microsoft Visual Studio Solution File, Format Version 12.00
# Visual Studio Version 17
VisualStudioVersion = 17.5.33530.505
MinimumVisualStudioVersion = 10.0.40219.1
Project("{FAE04EC0-301F-11D3-BF4B-00C04F79EFBC}") = "Order.API", "Order.API\Order.API.csproj", "{CF4C6C76-43F7-41ED-BE91-EF2E1025D226}"
EndProject
Project("{FAE04EC0-301F-11D3-BF4B-00C04F79EFBC}") = "Order.Domain", "Order.Domain\Order.Domain.csproj", "{E349EA31-D5D7-4E12-B0F1-7B2069E8A435}"
EndProject
Project("{FAE04EC0-301F-11D3-BF4B-00C04F79EFBC}") = "Order.Application", "Order.Application\Order.Application.csproj", "{765FC70B-3B22-4BA7-B41F-486BAAE02B26}"
EndProject
Project("{FAE04EC0-301F-11D3-BF4B-00C04F79EFBC}") = "Order.Infra", "Order.Infra\Order.Infra.csproj", "{D4616B5E-01F6-4240-BB5F-FEB2D1920580}"
EndProject
Global
	GlobalSection(SolutionConfigurationPlatforms) = preSolution
		Debug|Any CPU = Debug|Any CPU
		Release|Any CPU = Release|Any CPU
	EndGlobalSection
	GlobalSection(ProjectConfigurationPlatforms) = postSolution
		{CF4C6C76-43F7-41ED-BE91-EF2E1025D226}.Debug|Any CPU.ActiveCfg = Debug|Any CPU
		{CF4C6C76-43F7-41ED-BE91-EF2E1025D226}.Debug|Any CPU.Build.0 = Debug|Any CPU
		{CF4C6C76-43F7-41ED-BE91-EF2E1025D226}.Release|Any CPU.ActiveCfg = Release|Any CPU
		{CF4C6C76-43F7-41ED-BE91-EF2E1025D226}.Release|Any CPU.Build.0 = Release|Any CPU
		{E349EA31-D5D7-4E12-B0F1-7B2069E8A435}.Debug|Any CPU.ActiveCfg = Debug|Any CPU
		{E349EA31-D5D7-4E12-B0F1-7B2069E8A435}.Debug|Any CPU.Build.0 = Debug|Any CPU
		{E349EA31-D5D7-4E12-B0F1-7B2069E8A435}.Release|Any CPU.ActiveCfg = Release|Any CPU
		{E349EA31-D5D7-4E12-B0F1-7B2069E8A435}.Release|Any CPU.Build.0 = Release|Any CPU
		{765FC70B-3B22-4BA7-B41F-486BAAE02B26}.Debug|Any CPU.ActiveCfg = Debug|Any CPU
		{765FC70B-3B22-4BA7-B41F-486BAAE02B26}.Debug|Any CPU.Build.0 = Debug|Any CPU
		{765FC70B-3B22-4BA7-B41F-486BAAE02B26}.Release|Any CPU.ActiveCfg = Release|Any CPU
		{765FC70B-3B22-4BA7-B41F-486BAAE02B26}.Release|Any CPU.Build.0 = Release|Any CPU
		{D4616B5E-01F6-4240-BB5F-FEB2D1920580}.Debug|Any CPU.ActiveCfg = Debug|Any CPU
		{D4616B5E-01F6-4240-BB5F-FEB2D1920580}.Debug|Any CPU.Build.0 = Debug|Any CPU
		{D4616B5E-01F6-4240-BB5F-FEB2D1920580}.Release|Any CPU.ActiveCfg = Release|Any CPU
		{D4616B5E-01F6-4240-BB5F-FEB2D1920580}.Release|Any CPU.Build.0 = Release|Any CPU
	EndGlobalSection
	GlobalSection(SolutionProperties) = preSolution
		HideSolutionNode = FALSE
	EndGlobalSection
	GlobalSection(ExtensibilityGlobals) = postSolution
		SolutionGuid = {F8A65C9B-31E0-4439-925A-E82BAEF35BBC}
	EndGlobalSection
EndGlobal
